// !$*UTF8*$!
{
	archiveVersion = 1;
	classes = {
	};
	objectVersion = 77;
	objects = {

/* Begin PBXContainerItemProxy section */
		299931672EB2E7EE00731954 /* PBXContainerItemProxy */ = {
			isa = PBXContainerItemProxy;
			containerPortal = 299931502EB2E7EC00731954 /* Project object */;
			proxyType = 1;
			remoteGlobalIDString = 299931572EB2E7EC00731954;
			remoteInfo = flowtype;
		};
		299931712EB2E7EE00731954 /* PBXContainerItemProxy */ = {
			isa = PBXContainerItemProxy;
			containerPortal = 299931502EB2E7EC00731954 /* Project object */;
			proxyType = 1;
			remoteGlobalIDString = 299931572EB2E7EC00731954;
			remoteInfo = flowtype;
		};
/* End PBXContainerItemProxy section */

/* Begin PBXFileReference section */
		299931582EB2E7EC00731954 /* flowtype.app */ = {isa = PBXFileReference; explicitFileType = wrapper.application; includeInIndex = 0; path = flowtype.app; sourceTree = BUILT_PRODUCTS_DIR; };
		299931662EB2E7EE00731954 /* flowtypeTests.xctest */ = {isa = PBXFileReference; explicitFileType = wrapper.cfbundle; includeInIndex = 0; path = flowtypeTests.xctest; sourceTree = BUILT_PRODUCTS_DIR; };
		299931702EB2E7EE00731954 /* flowtypeUITests.xctest */ = {isa = PBXFileReference; explicitFileType = wrapper.cfbundle; includeInIndex = 0; path = flowtypeUITests.xctest; sourceTree = BUILT_PRODUCTS_DIR; };
/* End PBXFileReference section */

/* Begin PBXFileSystemSynchronizedRootGroup section */
		2999315A2EB2E7EC00731954 /* flowtype */ = {
			isa = PBXFileSystemSynchronizedRootGroup;
			path = flowtype;
			sourceTree = "<group>";
		};
		299931692EB2E7EE00731954 /* flowtypeTests */ = {
			isa = PBXFileSystemSynchronizedRootGroup;
			path = flowtypeTests;
			sourceTree = "<group>";
		};
		299931732EB2E7EE00731954 /* flowtypeUITests */ = {
			isa = PBXFileSystemSynchronizedRootGroup;
			path = flowtypeUITests;
			sourceTree = "<group>";
		};
/* End PBXFileSystemSynchronizedRootGroup section */

/* Begin PBXFrameworksBuildPhase section */
		299931552EB2E7EC00731954 /* Frameworks */ = {
			isa = PBXFrameworksBuildPhase;
			buildActionMask = 2147483647;
			files = (
			);
			runOnlyForDeploymentPostprocessing = 0;
		};
		299931632EB2E7EE00731954 /* Frameworks */ = {
			isa = PBXFrameworksBuildPhase;
			buildActionMask = 2147483647;
			files = (
			);
			runOnlyForDeploymentPostprocessing = 0;
		};
		2999316D2EB2E7EE00731954 /* Frameworks */ = {
			isa = PBXFrameworksBuildPhase;
			buildActionMask = 2147483647;
			files = (
			);
			runOnlyForDeploymentPostprocessing = 0;
		};
/* End PBXFrameworksBuildPhase section */

/* Begin PBXGroup section */
		2999314F2EB2E7EC00731954 = {
			isa = PBXGroup;
			children = (
				2999315A2EB2E7EC00731954 /* flowtype */,
				299931692EB2E7EE00731954 /* flowtypeTests */,
				299931732EB2E7EE00731954 /* flowtypeUITests */,
				299931592EB2E7EC00731954 /* Products */,
			);
			sourceTree = "<group>";
		};
		299931592EB2E7EC00731954 /* Products */ = {
			isa = PBXGroup;
			children = (
				299931582EB2E7EC00731954 /* flowtype.app */,
				299931662EB2E7EE00731954 /* flowtypeTests.xctest */,
				299931702EB2E7EE00731954 /* flowtypeUITests.xctest */,
			);
			name = Products;
			sourceTree = "<group>";
		};
/* End PBXGroup section */

/* Begin PBXNativeTarget section */
		299931572EB2E7EC00731954 /* flowtype */ = {
			isa = PBXNativeTarget;
			buildConfigurationList = 2999317A2EB2E7EE00731954 /* Build configuration list for PBXNativeTarget "flowtype" */;
			buildPhases = (
				299931542EB2E7EC00731954 /* Sources */,
				299931552EB2E7EC00731954 /* Frameworks */,
				299931562EB2E7EC00731954 /* Resources */,
			);
			buildRules = (
			);
			dependencies = (
			);
			fileSystemSynchronizedGroups = (
				2999315A2EB2E7EC00731954 /* flowtype */,
			);
			name = flowtype;
			packageProductDependencies = (
			);
			productName = flowtype;
			productReference = 299931582EB2E7EC00731954 /* flowtype.app */;
			productType = "com.apple.product-type.application";
		};
		299931652EB2E7EE00731954 /* flowtypeTests */ = {
			isa = PBXNativeTarget;
			buildConfigurationList = 2999317D2EB2E7EE00731954 /* Build configuration list for PBXNativeTarget "flowtypeTests" */;
			buildPhases = (
				299931622EB2E7EE00731954 /* Sources */,
				299931632EB2E7EE00731954 /* Frameworks */,
				299931642EB2E7EE00731954 /* Resources */,
			);
			buildRules = (
			);
			dependencies = (
				299931682EB2E7EE00731954 /* PBXTargetDependency */,
			);
			fileSystemSynchronizedGroups = (
				299931692EB2E7EE00731954 /* flowtypeTests */,
			);
			name = flowtypeTests;
			packageProductDependencies = (
			);
			productName = flowtypeTests;
			productReference = 299931662EB2E7EE00731954 /* flowtypeTests.xctest */;
			productType = "com.apple.product-type.bundle.unit-test";
		};
		2999316F2EB2E7EE00731954 /* flowtypeUITests */ = {
			isa = PBXNativeTarget;
			buildConfigurationList = 299931802EB2E7EE00731954 /* Build configuration list for PBXNativeTarget "flowtypeUITests" */;
			buildPhases = (
				2999316C2EB2E7EE00731954 /* Sources */,
				2999316D2EB2E7EE00731954 /* Frameworks */,
				2999316E2EB2E7EE00731954 /* Resources */,
			);
			buildRules = (
			);
			dependencies = (
				299931722EB2E7EE00731954 /* PBXTargetDependency */,
			);
			fileSystemSynchronizedGroups = (
				299931732EB2E7EE00731954 /* flowtypeUITests */,
			);
			name = flowtypeUITests;
			packageProductDependencies = (
			);
			productName = flowtypeUITests;
			productReference = 299931702EB2E7EE00731954 /* flowtypeUITests.xctest */;
			productType = "com.apple.product-type.bundle.ui-testing";
		};
/* End PBXNativeTarget section */

/* Begin PBXProject section */
		299931502EB2E7EC00731954 /* Project object */ = {
			isa = PBXProject;
			attributes = {
				BuildIndependentTargetsInParallel = 1;
				LastSwiftUpdateCheck = 1640;
				LastUpgradeCheck = 1640;
				TargetAttributes = {
					299931572EB2E7EC00731954 = {
						CreatedOnToolsVersion = 16.4;
					};
					299931652EB2E7EE00731954 = {
						CreatedOnToolsVersion = 16.4;
						TestTargetID = 299931572EB2E7EC00731954;
					};
					2999316F2EB2E7EE00731954 = {
						CreatedOnToolsVersion = 16.4;
						TestTargetID = 299931572EB2E7EC00731954;
					};
				};
			};
			buildConfigurationList = 299931532EB2E7EC00731954 /* Build configuration list for PBXProject "flowtype" */;
			developmentRegion = en;
			hasScannedForEncodings = 0;
			knownRegions = (
				en,
				Base,
			);
			mainGroup = 2999314F2EB2E7EC00731954;
			minimizedProjectReferenceProxies = 1;
			preferredProjectObjectVersion = 77;
			productRefGroup = 299931592EB2E7EC00731954 /* Products */;
			projectDirPath = "";
			projectRoot = "";
			targets = (
				299931572EB2E7EC00731954 /* flowtype */,
				299931652EB2E7EE00731954 /* flowtypeTests */,
				2999316F2EB2E7EE00731954 /* flowtypeUITests */,
			);
		};
/* End PBXProject section */

/* Begin PBXResourcesBuildPhase section */
		299931562EB2E7EC00731954 /* Resources */ = {
			isa = PBXResourcesBuildPhase;
			buildActionMask = 2147483647;
			files = (
			);
			runOnlyForDeploymentPostprocessing = 0;
		};
		299931642EB2E7EE00731954 /* Resources */ = {
			isa = PBXResourcesBuildPhase;
			buildActionMask = 2147483647;
			files = (
			);
			runOnlyForDeploymentPostprocessing = 0;
		};
		2999316E2EB2E7EE00731954 /* Resources */ = {
			isa = PBXResourcesBuildPhase;
			buildActionMask = 2147483647;
			files = (
			);
			runOnlyForDeploymentPostprocessing = 0;
		};
/* End PBXResourcesBuildPhase section */

/* Begin PBXSourcesBuildPhase section */
		299931542EB2E7EC00731954 /* Sources */ = {
			isa = PBXSourcesBuildPhase;
			buildActionMask = 2147483647;
			files = (
			);
			runOnlyForDeploymentPostprocessing = 0;
		};
		299931622EB2E7EE00731954 /* Sources */ = {
			isa = PBXSourcesBuildPhase;
			buildActionMask = 2147483647;
			files = (
			);
			runOnlyForDeploymentPostprocessing = 0;
		};
		2999316C2EB2E7EE00731954 /* Sources */ = {
			isa = PBXSourcesBuildPhase;
			buildActionMask = 2147483647;
			files = (
			);
			runOnlyForDeploymentPostprocessing = 0;
		};
/* End PBXSourcesBuildPhase section */

/* Begin PBXTargetDependency section */
		299931682EB2E7EE00731954 /* PBXTargetDependency */ = {
			isa = PBXTargetDependency;
			target = 299931572EB2E7EC00731954 /* flowtype */;
			targetProxy = 299931672EB2E7EE00731954 /* PBXContainerItemProxy */;
		};
		299931722EB2E7EE00731954 /* PBXTargetDependency */ = {
			isa = PBXTargetDependency;
			target = 299931572EB2E7EC00731954 /* flowtype */;
			targetProxy = 299931712EB2E7EE00731954 /* PBXContainerItemProxy */;
		};
/* End PBXTargetDependency section */

/* Begin XCBuildConfiguration section */
		299931782EB2E7EE00731954 /* Debug */ = {
			isa = XCBuildConfiguration;
			buildSettings = {
				ALWAYS_SEARCH_USER_PATHS = NO;
				ASSETCATALOG_COMPILER_GENERATE_SWIFT_ASSET_SYMBOL_EXTENSIONS = YES;
				CLANG_ANALYZER_NONNULL = YES;
				CLANG_ANALYZER_NUMBER_OBJECT_CONVERSION = YES_AGGRESSIVE;
				CLANG_CXX_LANGUAGE_STANDARD = "gnu++20";
				CLANG_ENABLE_MODULES = YES;
				CLANG_ENABLE_OBJC_ARC = YES;
				CLANG_ENABLE_OBJC_WEAK = YES;
				CLANG_WARN_BLOCK_CAPTURE_AUTORELEASING = YES;
				CLANG_WARN_BOOL_CONVERSION = YES;
				CLANG_WARN_COMMA = YES;
				CLANG_WARN_CONSTANT_CONVERSION = YES;
				CLANG_WARN_DEPRECATED_OBJC_IMPLEMENTATIONS = YES;
				CLANG_WARN_DIRECT_OBJC_ISA_USAGE = YES_ERROR;
				CLANG_WARN_DOCUMENTATION_COMMENTS = YES;
				CLANG_WARN_EMPTY_BODY = YES;
				CLANG_WARN_ENUM_CONVERSION = YES;
				CLANG_WARN_INFINITE_RECURSION = YES;
				CLANG_WARN_INT_CONVERSION = YES;
				CLANG_WARN_NON_LITERAL_NULL_CONVERSION = YES;
				CLANG_WARN_OBJC_IMPLICIT_RETAIN_SELF = YES;
				CLANG_WARN_OBJC_LITERAL_CONVERSION = YES;
				CLANG_WARN_OBJC_ROOT_CLASS = YES_ERROR;
				CLANG_WARN_QUOTED_INCLUDE_IN_FRAMEWORK_HEADER = YES;
				CLANG_WARN_RANGE_LOOP_ANALYSIS = YES;
				CLANG_WARN_STRICT_PROTOTYPES = YES;
				CLANG_WARN_SUSPICIOUS_MOVE = YES;
				CLANG_WARN_UNGUARDED_AVAILABILITY = YES_AGGRESSIVE;
				CLANG_WARN_UNREACHABLE_CODE = YES;
				CLANG_WARN__DUPLICATE_METHOD_MATCH = YES;
				COPY_PHASE_STRIP = NO;
				DEBUG_INFORMATION_FORMAT = dwarf;
				DEVELOPMENT_TEAM = 7KF2QBC6TB;
				ENABLE_STRICT_OBJC_MSGSEND = YES;
				ENABLE_TESTABILITY = YES;
				ENABLE_USER_SCRIPT_SANDBOXING = YES;
				GCC_C_LANGUAGE_STANDARD = gnu17;
				GCC_DYNAMIC_NO_PIC = NO;
				GCC_NO_COMMON_BLOCKS = YES;
				GCC_OPTIMIZATION_LEVEL = 0;
				GCC_PREPROCESSOR_DEFINITIONS = (
					"DEBUG=1",
					"$(inherited)",
				);
				GCC_WARN_64_TO_32_BIT_CONVERSION = YES;
				GCC_WARN_ABOUT_RETURN_TYPE = YES_ERROR;
				GCC_WARN_UNDECLARED_SELECTOR = YES;
				GCC_WARN_UNINITIALIZED_AUTOS = YES_AGGRESSIVE;
				GCC_WARN_UNUSED_FUNCTION = YES;
				GCC_WARN_UNUSED_VARIABLE = YES;
				LOCALIZATION_PREFERS_STRING_CATALOGS = YES;
				MACOSX_DEPLOYMENT_TARGET = 15.5;
				MTL_ENABLE_DEBUG_INFO = INCLUDE_SOURCE;
				MTL_FAST_MATH = YES;
				ONLY_ACTIVE_ARCH = YES;
				SDKROOT = macosx;
				SWIFT_ACTIVE_COMPILATION_CONDITIONS = "DEBUG $(inherited)";
				SWIFT_OPTIMIZATION_LEVEL = "-Onone";
			};
			name = Debug;
		};
		299931792EB2E7EE00731954 /* Release */ = {
			isa = XCBuildConfiguration;
			buildSettings = {
				ALWAYS_SEARCH_USER_PATHS = NO;
				ASSETCATALOG_COMPILER_GENERATE_SWIFT_ASSET_SYMBOL_EXTENSIONS = YES;
				CLANG_ANALYZER_NONNULL = YES;
				CLANG_ANALYZER_NUMBER_OBJECT_CONVERSION = YES_AGGRESSIVE;
				CLANG_CXX_LANGUAGE_STANDARD = "gnu++20";
				CLANG_ENABLE_MODULES = YES;
				CLANG_ENABLE_OBJC_ARC = YES;
				CLANG_ENABLE_OBJC_WEAK = YES;
				CLANG_WARN_BLOCK_CAPTURE_AUTORELEASING = YES;
				CLANG_WARN_BOOL_CONVERSION = YES;
				CLANG_WARN_COMMA = YES;
				CLANG_WARN_CONSTANT_CONVERSION = YES;
				CLANG_WARN_DEPRECATED_OBJC_IMPLEMENTATIONS = YES;
				CLANG_WARN_DIRECT_OBJC_ISA_USAGE = YES_ERROR;
				CLANG_WARN_DOCUMENTATION_COMMENTS = YES;
				CLANG_WARN_EMPTY_BODY = YES;
				CLANG_WARN_ENUM_CONVERSION = YES;
				CLANG_WARN_INFINITE_RECURSION = YES;
				CLANG_WARN_INT_CONVERSION = YES;
				CLANG_WARN_NON_LITERAL_NULL_CONVERSION = YES;
				CLANG_WARN_OBJC_IMPLICIT_RETAIN_SELF = YES;
				CLANG_WARN_OBJC_LITERAL_CONVERSION = YES;
				CLANG_WARN_OBJC_ROOT_CLASS = YES_ERROR;
				CLANG_WARN_QUOTED_INCLUDE_IN_FRAMEWORK_HEADER = YES;
				CLANG_WARN_RANGE_LOOP_ANALYSIS = YES;
				CLANG_WARN_STRICT_PROTOTYPES = YES;
				CLANG_WARN_SUSPICIOUS_MOVE = YES;
				CLANG_WARN_UNGUARDED_AVAILABILITY = YES_AGGRESSIVE;
				CLANG_WARN_UNREACHABLE_CODE = YES;
				CLANG_WARN__DUPLICATE_METHOD_MATCH = YES;
				COPY_PHASE_STRIP = NO;
				DEBUG_INFORMATION_FORMAT = "dwarf-with-dsym";
				DEVELOPMENT_TEAM = 7KF2QBC6TB;
				ENABLE_NS_ASSERTIONS = NO;
				ENABLE_STRICT_OBJC_MSGSEND = YES;
				ENABLE_USER_SCRIPT_SANDBOXING = YES;
				GCC_C_LANGUAGE_STANDARD = gnu17;
				GCC_NO_COMMON_BLOCKS = YES;
				GCC_WARN_64_TO_32_BIT_CONVERSION = YES;
				GCC_WARN_ABOUT_RETURN_TYPE = YES_ERROR;
				GCC_WARN_UNDECLARED_SELECTOR = YES;
				GCC_WARN_UNINITIALIZED_AUTOS = YES_AGGRESSIVE;
				GCC_WARN_UNUSED_FUNCTION = YES;
				GCC_WARN_UNUSED_VARIABLE = YES;
				LOCALIZATION_PREFERS_STRING_CATALOGS = YES;
				MACOSX_DEPLOYMENT_TARGET = 15.5;
				MTL_ENABLE_DEBUG_INFO = NO;
				MTL_FAST_MATH = YES;
				SDKROOT = macosx;
				SWIFT_COMPILATION_MODE = wholemodule;
			};
			name = Release;
		};
		2999317B2EB2E7EE00731954 /* Debug */ = {
			isa = XCBuildConfiguration;
			buildSettings = {
				ASSETCATALOG_COMPILER_APPICON_NAME = AppIcon;
				ASSETCATALOG_COMPILER_GLOBAL_ACCENT_COLOR_NAME = AccentColor;
				CODE_SIGN_ENTITLEMENTS = flowtype/flowtype.entitlements;
				CODE_SIGN_STYLE = Automatic;
				COMBINE_HIDPI_IMAGES = YES;
				CURRENT_PROJECT_VERSION = 1;
				DEVELOPMENT_TEAM = 7KF2QBC6TB;
				ENABLE_HARDENED_RUNTIME = YES;
				ENABLE_PREVIEWS = YES;
				GENERATE_INFOPLIST_FILE = YES;
				INFOPLIST_KEY_NSHumanReadableCopyright = "";
				LD_RUNPATH_SEARCH_PATHS = (
					"$(inherited)",
					"@executable_path/../Frameworks",
				);
				MARKETING_VERSION = 1.0;
				PRODUCT_BUNDLE_IDENTIFIER = Kz25.flowtype;
				PRODUCT_NAME = "$(TARGET_NAME)";
				REGISTER_APP_GROUPS = YES;
				SWIFT_EMIT_LOC_STRINGS = YES;
				SWIFT_VERSION = 5.0;
			};
			name = Debug;
		};
		2999317C2EB2E7EE00731954 /* Release */ = {
			isa = XCBuildConfiguration;
			buildSettings = {
				ASSETCATALOG_COMPILER_APPICON_NAME = AppIcon;
				ASSETCATALOG_COMPILER_GLOBAL_ACCENT_COLOR_NAME = AccentColor;
				CODE_SIGN_ENTITLEMENTS = flowtype/flowtype.entitlements;
				CODE_SIGN_STYLE = Automatic;
				COMBINE_HIDPI_IMAGES = YES;
				CURRENT_PROJECT_VERSION = 1;
				DEVELOPMENT_TEAM = 7KF2QBC6TB;
				ENABLE_HARDENED_RUNTIME = YES;
				ENABLE_PREVIEWS = YES;
				GENERATE_INFOPLIST_FILE = YES;
				INFOPLIST_KEY_NSHumanReadableCopyright = "";
				LD_RUNPATH_SEARCH_PATHS = (
					"$(inherited)",
					"@executable_path/../Frameworks",
				);
				MARKETING_VERSION = 1.0;
				PRODUCT_BUNDLE_IDENTIFIER = Kz25.flowtype;
				PRODUCT_NAME = "$(TARGET_NAME)";
				REGISTER_APP_GROUPS = YES;
				SWIFT_EMIT_LOC_STRINGS = YES;
				SWIFT_VERSION = 5.0;
			};
			name = Release;
		};
		2999317E2EB2E7EE00731954 /* Debug */ = {
			isa = XCBuildConfiguration;
			buildSettings = {
				BUNDLE_LOADER = "$(TEST_HOST)";
				CODE_SIGN_STYLE = Automatic;
				CURRENT_PROJECT_VERSION = 1;
				DEVELOPMENT_TEAM = 7KF2QBC6TB;
				GENERATE_INFOPLIST_FILE = YES;
				MACOSX_DEPLOYMENT_TARGET = 15.5;
				MARKETING_VERSION = 1.0;
				PRODUCT_BUNDLE_IDENTIFIER = Kz25.flowtypeTests;
				PRODUCT_NAME = "$(TARGET_NAME)";
				SWIFT_EMIT_LOC_STRINGS = NO;
				SWIFT_VERSION = 5.0;
				TEST_HOST = "$(BUILT_PRODUCTS_DIR)/flowtype.app/$(BUNDLE_EXECUTABLE_FOLDER_PATH)/flowtype";
			};
			name = Debug;
		};
		2999317F2EB2E7EE00731954 /* Release */ = {
			isa = XCBuildConfiguration;
			buildSettings = {
				BUNDLE_LOADER = "$(TEST_HOST)";
				CODE_SIGN_STYLE = Automatic;
				CURRENT_PROJECT_VERSION = 1;
				DEVELOPMENT_TEAM = 7KF2QBC6TB;
				GENERATE_INFOPLIST_FILE = YES;
				MACOSX_DEPLOYMENT_TARGET = 15.5;
				MARKETING_VERSION = 1.0;
				PRODUCT_BUNDLE_IDENTIFIER = Kz25.flowtypeTests;
				PRODUCT_NAME = "$(TARGET_NAME)";
				SWIFT_EMIT_LOC_STRINGS = NO;
				SWIFT_VERSION = 5.0;
				TEST_HOST = "$(BUILT_PRODUCTS_DIR)/flowtype.app/$(BUNDLE_EXECUTABLE_FOLDER_PATH)/flowtype";
			};
			name = Release;
		};
		299931812EB2E7EE00731954 /* Debug */ = {
			isa = XCBuildConfiguration;
			buildSettings = {
				CODE_SIGN_STYLE = Automatic;
				CURRENT_PROJECT_VERSION = 1;
				DEVELOPMENT_TEAM = 7KF2QBC6TB;
				GENERATE_INFOPLIST_FILE = YES;
				MARKETING_VERSION = 1.0;
				PRODUCT_BUNDLE_IDENTIFIER = Kz25.flowtypeUITests;
				PRODUCT_NAME = "$(TARGET_NAME)";
				SWIFT_EMIT_LOC_STRINGS = NO;
				SWIFT_VERSION = 5.0;
				TEST_TARGET_NAME = flowtype;
			};
			name = Debug;
		};
		299931822EB2E7EE00731954 /* Release */ = {
			isa = XCBuildConfiguration;
			buildSettings = {
				CODE_SIGN_STYLE = Automatic;
				CURRENT_PROJECT_VERSION = 1;
				DEVELOPMENT_TEAM = 7KF2QBC6TB;
				GENERATE_INFOPLIST_FILE = YES;
				MARKETING_VERSION = 1.0;
				PRODUCT_BUNDLE_IDENTIFIER = Kz25.flowtypeUITests;
				PRODUCT_NAME = "$(TARGET_NAME)";
				SWIFT_EMIT_LOC_STRINGS = NO;
				SWIFT_VERSION = 5.0;
				TEST_TARGET_NAME = flowtype;
			};
			name = Release;
		};
/* End XCBuildConfiguration section */

/* Begin XCConfigurationList section */
		299931532EB2E7EC00731954 /* Build configuration list for PBXProject "flowtype" */ = {
			isa = XCConfigurationList;
			buildConfigurations = (
				299931782EB2E7EE00731954 /* Debug */,
				299931792EB2E7EE00731954 /* Release */,
			);
			defaultConfigurationIsVisible = 0;
			defaultConfigurationName = Release;
		};
		2999317A2EB2E7EE00731954 /* Build configuration list for PBXNativeTarget "flowtype" */ = {
			isa = XCConfigurationList;
			buildConfigurations = (
				2999317B2EB2E7EE00731954 /* Debug */,
				2999317C2EB2E7EE00731954 /* Release */,
			);
			defaultConfigurationIsVisible = 0;
			defaultConfigurationName = Release;
		};
		2999317D2EB2E7EE00731954 /* Build configuration list for PBXNativeTarget "flowtypeTests" */ = {
			isa = XCConfigurationList;
			buildConfigurations = (
				2999317E2EB2E7EE00731954 /* Debug */,
				2999317F2EB2E7EE00731954 /* Release */,
			);
			defaultConfigurationIsVisible = 0;
			defaultConfigurationName = Release;
		};
		299931802EB2E7EE00731954 /* Build configuration list for PBXNativeTarget "flowtypeUITests" */ = {
			isa = XCConfigurationList;
			buildConfigurations = (
				299931812EB2E7EE00731954 /* Debug */,
				299931822EB2E7EE00731954 /* Release */,
			);
			defaultConfigurationIsVisible = 0;
			defaultConfigurationName = Release;
		};
/* End XCConfigurationList section */
	};
	rootObject = 299931502EB2E7EC00731954 /* Project object */;
}
